{
  "name": "login_form",
  "lockfileVersion": 3,
  "requires": true,
  "packages": {
    "": {
      "dependencies": {
        "@chakra-ui/theme": "^3.4.6"
      }
    },
    "node_modules/@chakra-ui/anatomy": {
      "version": "2.3.4",
      "resolved": "https://registry.npmjs.org/@chakra-ui/anatomy/-/anatomy-2.3.4.tgz",
      "integrity": "sha512-fFIYN7L276gw0Q7/ikMMlZxP7mvnjRaWJ7f3Jsf9VtDOi6eAYIBRrhQe6+SZ0PGmoOkRaBc7gSE5oeIbgFFyrw==",
      "license": "MIT"
    },
    "node_modules/@chakra-ui/styled-system": {
      "version": "2.12.0",
      "resolved": "https://registry.npmjs.org/@chakra-ui/styled-system/-/styled-system-2.12.0.tgz",
      "integrity": "sha512-zoqLw1I2y4GlZ0LDoyw8o0JjoDOW6u0IwFPAoHuw0UMbP8glHUGvwEL1STug/i/GzBKw83yoF6ae41HIQvhMww==",
      "license": "MIT",
      "peer": true,
      "dependencies": {
        "@chakra-ui/utils": "2.2.2",
        "csstype": "^3.1.2"
      }
    },
    "node_modules/@chakra-ui/theme": {
      "version": "3.4.6",
      "resolved": "https://registry.npmjs.org/@chakra-ui/theme/-/theme-3.4.6.tgz",
      "integrity": "sha512-ZwFBLfiMC3URwaO31ONXoKH9k0TX0OW3UjdPF3EQkQpYyrk/fm36GkkzajjtdpWEd7rzDLRsQjPmvwNaSoNDtg==",
      "license": "MIT",
      "dependencies": {
        "@chakra-ui/anatomy": "2.3.4",
        "@chakra-ui/theme-tools": "2.2.6",
        "@chakra-ui/utils": "2.2.2"
      },
      "peerDependencies": {
        "@chakra-ui/styled-system": ">=2.8.0"
      }
    },
    "node_modules/@chakra-ui/theme-tools": {
      "version": "2.2.6",
      "resolved": "https://registry.npmjs.org/@chakra-ui/theme-tools/-/theme-tools-2.2.6.tgz",
      "integrity": "sha512-3UhKPyzKbV3l/bg1iQN9PBvffYp+EBOoYMUaeTUdieQRPFzo2jbYR0lNCxqv8h5aGM/k54nCHU2M/GStyi9F2A==",
      "license": "MIT",
      "dependencies": {
        "@chakra-ui/anatomy": "2.3.4",
        "@chakra-ui/utils": "2.2.2",
        "color2k": "^2.0.2"
      },
      "peerDependencies": {
        "@chakra-ui/styled-system": ">=2.0.0"
      }
    },
    "node_modules/@chakra-ui/utils": {
      "version": "2.2.2",
      "resolved": "https://registry.npmjs.org/@chakra-ui/utils/-/utils-2.2.2.tgz",
      "integrity": "sha512-jUPLT0JzRMWxpdzH6c+t0YMJYrvc5CLericgITV3zDSXblkfx3DsYXqU11DJTSGZI9dUKzM1Wd0Wswn4eJwvFQ==",
      "license": "MIT",
      "dependencies": {
        "@types/lodash.mergewith": "4.6.9",
        "lodash.mergewith": "4.6.2"
      },
      "peerDependencies": {
        "react": ">=16.8.0"
      }
    },
    "node_modules/@types/lodash": {
      "version": "4.17.17",
      "resolved": "https://registry.npmjs.org/@types/lodash/-/lodash-4.17.17.tgz",
      "integrity": "sha512-RRVJ+J3J+WmyOTqnz3PiBLA501eKwXl2noseKOrNo/6+XEHjTAxO4xHvxQB6QuNm+s4WRbn6rSiap8+EA+ykFQ==",
      "license": "MIT"
    },
    "node_modules/@types/lodash.mergewith": {
      "version": "4.6.9",
      "resolved": "https://registry.npmjs.org/@types/lodash.mergewith/-/lodash.mergewith-4.6.9.tgz",
      "integrity": "sha512-fgkoCAOF47K7sxrQ7Mlud2TH023itugZs2bUg8h/KzT+BnZNrR2jAOmaokbLunHNnobXVWOezAeNn/lZqwxkcw==",
      "license": "MIT",
      "dependencies": {
        "@types/lodash": "*"
      }
    },
    "node_modules/color2k": {
      "version": "2.0.3",
      "resolved": "https://registry.npmjs.org/color2k/-/color2k-2.0.3.tgz",
      "integrity": "sha512-zW190nQTIoXcGCaU08DvVNFTmQhUpnJfVuAKfWqUQkflXKpaDdpaYoM0iluLS9lgJNHyBF58KKA2FBEwkD7wog==",
      "license": "MIT"
    },
    "node_modules/csstype": {
      "version": "3.1.3",
      "resolved": "https://registry.npmjs.org/csstype/-/csstype-3.1.3.tgz",
      "integrity": "sha512-M1uQkMl8rQK/szD0LNhtqxIPLpimGm8sOBwU7lLnCpSbTyY3yeU1Vc7l4KT5zT4s/yOxHH5O7tIuuLOCnLADRw==",
      "license": "MIT",
      "peer": true
    },
    "node_modules/lodash.mergewith": {
      "version": "4.6.2",
      "resolved": "https://registry.npmjs.org/lodash.mergewith/-/lodash.mergewith-4.6.2.tgz",
      "integrity": "sha512-GK3g5RPZWTRSeLSpgP8Xhra+pnjBC56q9FZYe1d5RN3TJ35dbkGy3YqBSMbyCrlbi+CM9Z3Jk5yTL7RCsqboyQ==",
      "license": "MIT"
    },
    "node_modules/react": {
      "version": "19.1.0",
      "resolved": "https://registry.npmjs.org/react/-/react-19.1.0.tgz",
      "integrity": "sha512-FS+XFBNvn3GTAWq26joslQgWNoFu08F4kl0J4CgdNKADkdSGXQyTCnKteIAJy96Br6YbpEU1LSzV5dYtjMkMDg==",
      "license": "MIT",
      "peer": true,
      "engines": {
        "node": ">=0.10.0"
      }
    }
  }
}
